
Microsoft Visual Studio Solution File, Format Version 12.00
# Visual Studio Version 16
VisualStudioVersion = 16.0.29306.81
MinimumVisualStudioVersion = 10.0.40219.1
Project("{2150E333-8FDC-42A3-9474-1A3956D46DE8}") = "API", "API", "{0279DDFC-68CE-4676-9AAB-0ABF77333910}"
EndProject
Project("{FAE04EC0-301F-11D3-BF4B-00C04F79EFBC}") = "ApiProject", "API\ApiProject\ApiProject.csproj", "{4D11D426-73DA-4CDD-B095-886624EC38DB}"
EndProject
Project("{2150E333-8FDC-42A3-9474-1A3956D46DE8}") = "CORE", "CORE", "{C78E7C33-34C4-4ADC-B058-A4ADE5C09BAB}"
EndProject
Project("{FAE04EC0-301F-11D3-BF4B-00C04F79EFBC}") = "Generic.API.Core", "CORE\Generic.API.Core\Generic.API.Core.csproj", "{F9467073-5B65-4F27-A5C3-F1267351C71F}"
EndProject
Project("{2150E333-8FDC-42A3-9474-1A3956D46DE8}") = "TEST", "TEST", "{01B21126-484E-4538-8F24-FF0581B6CB78}"
EndProject
Project("{FAE04EC0-301F-11D3-BF4B-00C04F79EFBC}") = "API.Test", "TEST\API.Test\API.Test.csproj", "{D8146589-100F-4998-B728-52C03CB2324F}"
EndProject
Global
	GlobalSection(SolutionConfigurationPlatforms) = preSolution
		Debug|Any CPU = Debug|Any CPU
		Release|Any CPU = Release|Any CPU
	EndGlobalSection
	GlobalSection(ProjectConfigurationPlatforms) = postSolution
		{4D11D426-73DA-4CDD-B095-886624EC38DB}.Debug|Any CPU.ActiveCfg = Debug|Any CPU
		{4D11D426-73DA-4CDD-B095-886624EC38DB}.Debug|Any CPU.Build.0 = Debug|Any CPU
		{4D11D426-73DA-4CDD-B095-886624EC38DB}.Release|Any CPU.ActiveCfg = Release|Any CPU
		{4D11D426-73DA-4CDD-B095-886624EC38DB}.Release|Any CPU.Build.0 = Release|Any CPU
		{F9467073-5B65-4F27-A5C3-F1267351C71F}.Debug|Any CPU.ActiveCfg = Debug|Any CPU
		{F9467073-5B65-4F27-A5C3-F1267351C71F}.Debug|Any CPU.Build.0 = Debug|Any CPU
		{F9467073-5B65-4F27-A5C3-F1267351C71F}.Release|Any CPU.ActiveCfg = Release|Any CPU
		{F9467073-5B65-4F27-A5C3-F1267351C71F}.Release|Any CPU.Build.0 = Release|Any CPU
		{D8146589-100F-4998-B728-52C03CB2324F}.Debug|Any CPU.ActiveCfg = Debug|Any CPU
		{D8146589-100F-4998-B728-52C03CB2324F}.Debug|Any CPU.Build.0 = Debug|Any CPU
		{D8146589-100F-4998-B728-52C03CB2324F}.Release|Any CPU.ActiveCfg = Release|Any CPU
		{D8146589-100F-4998-B728-52C03CB2324F}.Release|Any CPU.Build.0 = Release|Any CPU
	EndGlobalSection
	GlobalSection(SolutionProperties) = preSolution
		HideSolutionNode = FALSE
	EndGlobalSection
	GlobalSection(NestedProjects) = preSolution
		{4D11D426-73DA-4CDD-B095-886624EC38DB} = {0279DDFC-68CE-4676-9AAB-0ABF77333910}
		{F9467073-5B65-4F27-A5C3-F1267351C71F} = {C78E7C33-34C4-4ADC-B058-A4ADE5C09BAB}
		{D8146589-100F-4998-B728-52C03CB2324F} = {01B21126-484E-4538-8F24-FF0581B6CB78}
	EndGlobalSection
	GlobalSection(ExtensibilityGlobals) = postSolution
		SolutionGuid = {A3B1EB37-53C9-421F-AA7C-D27421DB3240}
	EndGlobalSection
EndGlobal
